// !$*UTF8*$!
{
	archiveVersion = 1;
	classes = {
	};
	objectVersion = 56;
	objects = {

/* Begin PBXBuildFile section */
		11AE62F95D4BA185841FBE07 /* Pods_MusicOriginal.framework in Frameworks */ = {isa = PBXBuildFile; fileRef = 1798FD4CA347110569247B42 /* Pods_MusicOriginal.framework */; };
		5D3E33302A5EC36D00A8A53F /* AppDelegate.swift in Sources */ = {isa = PBXBuildFile; fileRef = 5D3E332F2A5EC36D00A8A53F /* AppDelegate.swift */; };
		5D3E33322A5EC36D00A8A53F /* SceneDelegate.swift in Sources */ = {isa = PBXBuildFile; fileRef = 5D3E33312A5EC36D00A8A53F /* SceneDelegate.swift */; };
		5D3E33372A5EC36D00A8A53F /* Main.storyboard in Resources */ = {isa = PBXBuildFile; fileRef = 5D3E33352A5EC36D00A8A53F /* Main.storyboard */; };
		5D3E33392A5EC37600A8A53F /* Assets.xcassets in Resources */ = {isa = PBXBuildFile; fileRef = 5D3E33382A5EC37600A8A53F /* Assets.xcassets */; };
		5D3E333C2A5EC37600A8A53F /* LaunchScreen.storyboard in Resources */ = {isa = PBXBuildFile; fileRef = 5D3E333A2A5EC37600A8A53F /* LaunchScreen.storyboard */; };
		5D94C81F2A9623800078F6D2 /* ViewController.swift in Sources */ = {isa = PBXBuildFile; fileRef = 5D94C81E2A9623800078F6D2 /* ViewController.swift */; };
		5D94C8212A9F3EF50078F6D2 /* SearchViewController.swift in Sources */ = {isa = PBXBuildFile; fileRef = 5D94C8202A9F3EF50078F6D2 /* SearchViewController.swift */; };
		5DDF27382A79139900EA3FD2 /* SettingViewController.swift in Sources */ = {isa = PBXBuildFile; fileRef = 5DDF27372A79139900EA3FD2 /* SettingViewController.swift */; };
		5DDF273A2A7A310B00EA3FD2 /* PlayViewController.swift in Sources */ = {isa = PBXBuildFile; fileRef = 5DDF27392A7A310B00EA3FD2 /* PlayViewController.swift */; };
/* End PBXBuildFile section */

/* Begin PBXFileReference section */
		1798FD4CA347110569247B42 /* Pods_MusicOriginal.framework */ = {isa = PBXFileReference; explicitFileType = wrapper.framework; includeInIndex = 0; path = Pods_MusicOriginal.framework; sourceTree = BUILT_PRODUCTS_DIR; };
		2DE4A113D142C75CC4874C3D /* Pods-MusicOriginal.debug.xcconfig */ = {isa = PBXFileReference; includeInIndex = 1; lastKnownFileType = text.xcconfig; name = "Pods-MusicOriginal.debug.xcconfig"; path = "Target Support Files/Pods-MusicOriginal/Pods-MusicOriginal.debug.xcconfig"; sourceTree = "<group>"; };
		5D3E332C2A5EC36D00A8A53F /* MusicOriginal.app */ = {isa = PBXFileReference; explicitFileType = wrapper.application; includeInIndex = 0; path = MusicOriginal.app; sourceTree = BUILT_PRODUCTS_DIR; };
		5D3E332F2A5EC36D00A8A53F /* AppDelegate.swift */ = {isa = PBXFileReference; lastKnownFileType = sourcecode.swift; path = AppDelegate.swift; sourceTree = "<group>"; };
		5D3E33312A5EC36D00A8A53F /* SceneDelegate.swift */ = {isa = PBXFileReference; lastKnownFileType = sourcecode.swift; path = SceneDelegate.swift; sourceTree = "<group>"; };
		5D3E33362A5EC36D00A8A53F /* Base */ = {isa = PBXFileReference; lastKnownFileType = file.storyboard; name = Base; path = Base.lproj/Main.storyboard; sourceTree = "<group>"; };
		5D3E33382A5EC37600A8A53F /* Assets.xcassets */ = {isa = PBXFileReference; lastKnownFileType = folder.assetcatalog; path = Assets.xcassets; sourceTree = "<group>"; };
		5D3E333B2A5EC37600A8A53F /* Base */ = {isa = PBXFileReference; lastKnownFileType = file.storyboard; name = Base; path = Base.lproj/LaunchScreen.storyboard; sourceTree = "<group>"; };
		5D3E333D2A5EC37600A8A53F /* Info.plist */ = {isa = PBXFileReference; lastKnownFileType = text.plist.xml; path = Info.plist; sourceTree = "<group>"; };
		5D94C81E2A9623800078F6D2 /* ViewController.swift */ = {isa = PBXFileReference; lastKnownFileType = sourcecode.swift; path = ViewController.swift; sourceTree = "<group>"; };
		5D94C8202A9F3EF50078F6D2 /* SearchViewController.swift */ = {isa = PBXFileReference; lastKnownFileType = sourcecode.swift; path = SearchViewController.swift; sourceTree = "<group>"; };
		5DDF27372A79139900EA3FD2 /* SettingViewController.swift */ = {isa = PBXFileReference; lastKnownFileType = sourcecode.swift; path = SettingViewController.swift; sourceTree = "<group>"; };
		5DDF27392A7A310B00EA3FD2 /* PlayViewController.swift */ = {isa = PBXFileReference; lastKnownFileType = sourcecode.swift; path = PlayViewController.swift; sourceTree = "<group>"; };
		B353CF97A8BBB606B876EF81 /* Pods-MusicOriginal.release.xcconfig */ = {isa = PBXFileReference; includeInIndex = 1; lastKnownFileType = text.xcconfig; name = "Pods-MusicOriginal.release.xcconfig"; path = "Target Support Files/Pods-MusicOriginal/Pods-MusicOriginal.release.xcconfig"; sourceTree = "<group>"; };
/* End PBXFileReference section */

/* Begin PBXFrameworksBuildPhase section */
		5D3E33292A5EC36D00A8A53F /* Frameworks */ = {
			isa = PBXFrameworksBuildPhase;
			buildActionMask = 2147483647;
			files = (
				11AE62F95D4BA185841FBE07 /* Pods_MusicOriginal.framework in Frameworks */,
			);
			runOnlyForDeploymentPostprocessing = 0;
		};
/* End PBXFrameworksBuildPhase section */

/* Begin PBXGroup section */
		5A2367468990E5ABDD55DDCB /* Frameworks */ = {
			isa = PBXGroup;
			children = (
				1798FD4CA347110569247B42 /* Pods_MusicOriginal.framework */,
			);
			name = Frameworks;
			sourceTree = "<group>";
		};
		5D3E33232A5EC36D00A8A53F = {
			isa = PBXGroup;
			children = (
				5D3E332E2A5EC36D00A8A53F /* MusicOriginal */,
				5D3E332D2A5EC36D00A8A53F /* Products */,
				F86E2D5D1CE45FE3E49D4B92 /* Pods */,
				5A2367468990E5ABDD55DDCB /* Frameworks */,
			);
			sourceTree = "<group>";
		};
		5D3E332D2A5EC36D00A8A53F /* Products */ = {
			isa = PBXGroup;
			children = (
				5D3E332C2A5EC36D00A8A53F /* MusicOriginal.app */,
			);
			name = Products;
			sourceTree = "<group>";
		};
		5D3E332E2A5EC36D00A8A53F /* MusicOriginal */ = {
			isa = PBXGroup;
			children = (
				5D3E332F2A5EC36D00A8A53F /* AppDelegate.swift */,
				5D3E33312A5EC36D00A8A53F /* SceneDelegate.swift */,
				5D94C81E2A9623800078F6D2 /* ViewController.swift */,
				5DDF27372A79139900EA3FD2 /* SettingViewController.swift */,
				5D94C8202A9F3EF50078F6D2 /* SearchViewController.swift */,
				5DDF27392A7A310B00EA3FD2 /* PlayViewController.swift */,
				5D3E33352A5EC36D00A8A53F /* Main.storyboard */,
				5D3E33382A5EC37600A8A53F /* Assets.xcassets */,
				5D3E333A2A5EC37600A8A53F /* LaunchScreen.storyboard */,
				5D3E333D2A5EC37600A8A53F /* Info.plist */,
			);
			path = MusicOriginal;
			sourceTree = "<group>";
		};
		F86E2D5D1CE45FE3E49D4B92 /* Pods */ = {
			isa = PBXGroup;
			children = (
				2DE4A113D142C75CC4874C3D /* Pods-MusicOriginal.debug.xcconfig */,
				B353CF97A8BBB606B876EF81 /* Pods-MusicOriginal.release.xcconfig */,
			);
			name = Pods;
			path = Pods;
			sourceTree = "<group>";
		};
/* End PBXGroup section */

/* Begin PBXNativeTarget section */
		5D3E332B2A5EC36D00A8A53F /* MusicOriginal */ = {
			isa = PBXNativeTarget;
			buildConfigurationList = 5D3E33402A5EC37600A8A53F /* Build configuration list for PBXNativeTarget "MusicOriginal" */;
			buildPhases = (
				9B4AC14635836512950CDE22 /* [CP] Check Pods Manifest.lock */,
				5D3E33282A5EC36D00A8A53F /* Sources */,
				5D3E33292A5EC36D00A8A53F /* Frameworks */,
				5D3E332A2A5EC36D00A8A53F /* Resources */,
				67FAB7A066B728F87951D121 /* [CP] Embed Pods Frameworks */,
			);
			buildRules = (
			);
			dependencies = (
			);
			name = MusicOriginal;
			productName = MusicOriginal;
			productReference = 5D3E332C2A5EC36D00A8A53F /* MusicOriginal.app */;
			productType = "com.apple.product-type.application";
		};
/* End PBXNativeTarget section */

/* Begin PBXProject section */
		5D3E33242A5EC36D00A8A53F /* Project object */ = {
			isa = PBXProject;
			attributes = {
				BuildIndependentTargetsInParallel = 1;
				LastSwiftUpdateCheck = 1400;
				LastUpgradeCheck = 1400;
				TargetAttributes = {
					5D3E332B2A5EC36D00A8A53F = {
						CreatedOnToolsVersion = 14.0.1;
					};
				};
			};
			buildConfigurationList = 5D3E33272A5EC36D00A8A53F /* Build configuration list for PBXProject "MusicOriginal" */;
			compatibilityVersion = "Xcode 14.0";
			developmentRegion = en;
			hasScannedForEncodings = 0;
			knownRegions = (
				en,
				Base,
			);
			mainGroup = 5D3E33232A5EC36D00A8A53F;
			productRefGroup = 5D3E332D2A5EC36D00A8A53F /* Products */;
			projectDirPath = "";
			projectRoot = "";
			targets = (
				5D3E332B2A5EC36D00A8A53F /* MusicOriginal */,
			);
		};
/* End PBXProject section */

/* Begin PBXResourcesBuildPhase section */
		5D3E332A2A5EC36D00A8A53F /* Resources */ = {
			isa = PBXResourcesBuildPhase;
			buildActionMask = 2147483647;
			files = (
				5D3E333C2A5EC37600A8A53F /* LaunchScreen.storyboard in Resources */,
				5D3E33392A5EC37600A8A53F /* Assets.xcassets in Resources */,
				5D3E33372A5EC36D00A8A53F /* Main.storyboard in Resources */,
			);
			runOnlyForDeploymentPostprocessing = 0;
		};
/* End PBXResourcesBuildPhase section */

/* Begin PBXShellScriptBuildPhase section */
		67FAB7A066B728F87951D121 /* [CP] Embed Pods Frameworks */ = {
			isa = PBXShellScriptBuildPhase;
			buildActionMask = 2147483647;
			files = (
			);
			inputFileListPaths = (
				"${PODS_ROOT}/Target Support Files/Pods-MusicOriginal/Pods-MusicOriginal-frameworks-${CONFIGURATION}-input-files.xcfilelist",
			);
			name = "[CP] Embed Pods Frameworks";
			outputFileListPaths = (
				"${PODS_ROOT}/Target Support Files/Pods-MusicOriginal/Pods-MusicOriginal-frameworks-${CONFIGURATION}-output-files.xcfilelist",
			);
			runOnlyForDeploymentPostprocessing = 0;
			shellPath = /bin/sh;
			shellScript = "\"${PODS_ROOT}/Target Support Files/Pods-MusicOriginal/Pods-MusicOriginal-frameworks.sh\"\n";
			showEnvVarsInLog = 0;
		};
		9B4AC14635836512950CDE22 /* [CP] Check Pods Manifest.lock */ = {
			isa = PBXShellScriptBuildPhase;
			buildActionMask = 2147483647;
			files = (
			);
			inputFileListPaths = (
			);
			inputPaths = (
				"${PODS_PODFILE_DIR_PATH}/Podfile.lock",
				"${PODS_ROOT}/Manifest.lock",
			);
			name = "[CP] Check Pods Manifest.lock";
			outputFileListPaths = (
			);
			outputPaths = (
				"$(DERIVED_FILE_DIR)/Pods-MusicOriginal-checkManifestLockResult.txt",
			);
			runOnlyForDeploymentPostprocessing = 0;
			shellPath = /bin/sh;
			shellScript = "diff \"${PODS_PODFILE_DIR_PATH}/Podfile.lock\" \"${PODS_ROOT}/Manifest.lock\" > /dev/null\nif [ $? != 0 ] ; then\n    # print error to STDERR\n    echo \"error: The sandbox is not in sync with the Podfile.lock. Run 'pod install' or update your CocoaPods installation.\" >&2\n    exit 1\nfi\n# This output is used by Xcode 'outputs' to avoid re-running this script phase.\necho \"SUCCESS\" > \"${SCRIPT_OUTPUT_FILE_0}\"\n";
			showEnvVarsInLog = 0;
		};
/* End PBXShellScriptBuildPhase section */

/* Begin PBXSourcesBuildPhase section */
		5D3E33282A5EC36D00A8A53F /* Sources */ = {
			isa = PBXSourcesBuildPhase;
			buildActionMask = 2147483647;
			files = (
				5D94C81F2A9623800078F6D2 /* ViewController.swift in Sources */,
				5D94C8212A9F3EF50078F6D2 /* SearchViewController.swift in Sources */,
				5DDF27382A79139900EA3FD2 /* SettingViewController.swift in Sources */,
				5D3E33302A5EC36D00A8A53F /* AppDelegate.swift in Sources */,
				5DDF273A2A7A310B00EA3FD2 /* PlayViewController.swift in Sources */,
				5D3E33322A5EC36D00A8A53F /* SceneDelegate.swift in Sources */,
			);
			runOnlyForDeploymentPostprocessing = 0;
		};
/* End PBXSourcesBuildPhase section */

/* Begin PBXVariantGroup section */
		5D3E33352A5EC36D00A8A53F /* Main.storyboard */ = {
			isa = PBXVariantGroup;
			children = (
				5D3E33362A5EC36D00A8A53F /* Base */,
			);
			name = Main.storyboard;
			sourceTree = "<group>";
		};
		5D3E333A2A5EC37600A8A53F /* LaunchScreen.storyboard */ = {
			isa = PBXVariantGroup;
			children = (
				5D3E333B2A5EC37600A8A53F /* Base */,
			);
			name = LaunchScreen.storyboard;
			sourceTree = "<group>";
		};
/* End PBXVariantGroup section */

/* Begin XCBuildConfiguration section */
		5D3E333E2A5EC37600A8A53F /* Debug */ = {
			isa = XCBuildConfiguration;
			buildSettings = {
				ALWAYS_SEARCH_USER_PATHS = NO;
				CLANG_ANALYZER_NONNULL = YES;
				CLANG_ANALYZER_NUMBER_OBJECT_CONVERSION = YES_AGGRESSIVE;
				CLANG_CXX_LANGUAGE_STANDARD = "gnu++20";
				CLANG_ENABLE_MODULES = YES;
				CLANG_ENABLE_OBJC_ARC = YES;
				CLANG_ENABLE_OBJC_WEAK = YES;
				CLANG_WARN_BLOCK_CAPTURE_AUTORELEASING = YES;
				CLANG_WARN_BOOL_CONVERSION = YES;
				CLANG_WARN_COMMA = YES;
				CLANG_WARN_CONSTANT_CONVERSION = YES;
				CLANG_WARN_DEPRECATED_OBJC_IMPLEMENTATIONS = YES;
				CLANG_WARN_DIRECT_OBJC_ISA_USAGE = YES_ERROR;
				CLANG_WARN_DOCUMENTATION_COMMENTS = YES;
				CLANG_WARN_EMPTY_BODY = YES;
				CLANG_WARN_ENUM_CONVERSION = YES;
				CLANG_WARN_INFINITE_RECURSION = YES;
				CLANG_WARN_INT_CONVERSION = YES;
				CLANG_WARN_NON_LITERAL_NULL_CONVERSION = YES;
				CLANG_WARN_OBJC_IMPLICIT_RETAIN_SELF = YES;
				CLANG_WARN_OBJC_LITERAL_CONVERSION = YES;
				CLANG_WARN_OBJC_ROOT_CLASS = YES_ERROR;
				CLANG_WARN_QUOTED_INCLUDE_IN_FRAMEWORK_HEADER = YES;
				CLANG_WARN_RANGE_LOOP_ANALYSIS = YES;
				CLANG_WARN_STRICT_PROTOTYPES = YES;
				CLANG_WARN_SUSPICIOUS_MOVE = YES;
				CLANG_WARN_UNGUARDED_AVAILABILITY = YES_AGGRESSIVE;
				CLANG_WARN_UNREACHABLE_CODE = YES;
				CLANG_WARN__DUPLICATE_METHOD_MATCH = YES;
				COPY_PHASE_STRIP = NO;
				DEBUG_INFORMATION_FORMAT = dwarf;
				ENABLE_STRICT_OBJC_MSGSEND = YES;
				ENABLE_TESTABILITY = YES;
				GCC_C_LANGUAGE_STANDARD = gnu11;
				GCC_DYNAMIC_NO_PIC = NO;
				GCC_NO_COMMON_BLOCKS = YES;
				GCC_OPTIMIZATION_LEVEL = 0;
				GCC_PREPROCESSOR_DEFINITIONS = (
					"DEBUG=1",
					"$(inherited)",
				);
				GCC_WARN_64_TO_32_BIT_CONVERSION = YES;
				GCC_WARN_ABOUT_RETURN_TYPE = YES_ERROR;
				GCC_WARN_UNDECLARED_SELECTOR = YES;
				GCC_WARN_UNINITIALIZED_AUTOS = YES_AGGRESSIVE;
				GCC_WARN_UNUSED_FUNCTION = YES;
				GCC_WARN_UNUSED_VARIABLE = YES;
				IPHONEOS_DEPLOYMENT_TARGET = 16.0;
				MTL_ENABLE_DEBUG_INFO = INCLUDE_SOURCE;
				MTL_FAST_MATH = YES;
				ONLY_ACTIVE_ARCH = YES;
				SDKROOT = iphoneos;
				SWIFT_ACTIVE_COMPILATION_CONDITIONS = DEBUG;
				SWIFT_OPTIMIZATION_LEVEL = "-Onone";
			};
			name = Debug;
		};
		5D3E333F2A5EC37600A8A53F /* Release */ = {
			isa = XCBuildConfiguration;
			buildSettings = {
				ALWAYS_SEARCH_USER_PATHS = NO;
				CLANG_ANALYZER_NONNULL = YES;
				CLANG_ANALYZER_NUMBER_OBJECT_CONVERSION = YES_AGGRESSIVE;
				CLANG_CXX_LANGUAGE_STANDARD = "gnu++20";
				CLANG_ENABLE_MODULES = YES;
				CLANG_ENABLE_OBJC_ARC = YES;
				CLANG_ENABLE_OBJC_WEAK = YES;
				CLANG_WARN_BLOCK_CAPTURE_AUTORELEASING = YES;
				CLANG_WARN_BOOL_CONVERSION = YES;
				CLANG_WARN_COMMA = YES;
				CLANG_WARN_CONSTANT_CONVERSION = YES;
				CLANG_WARN_DEPRECATED_OBJC_IMPLEMENTATIONS = YES;
				CLANG_WARN_DIRECT_OBJC_ISA_USAGE = YES_ERROR;
				CLANG_WARN_DOCUMENTATION_COMMENTS = YES;
				CLANG_WARN_EMPTY_BODY = YES;
				CLANG_WARN_ENUM_CONVERSION = YES;
				CLANG_WARN_INFINITE_RECURSION = YES;
				CLANG_WARN_INT_CONVERSION = YES;
				CLANG_WARN_NON_LITERAL_NULL_CONVERSION = YES;
				CLANG_WARN_OBJC_IMPLICIT_RETAIN_SELF = YES;
				CLANG_WARN_OBJC_LITERAL_CONVERSION = YES;
				CLANG_WARN_OBJC_ROOT_CLASS = YES_ERROR;
				CLANG_WARN_QUOTED_INCLUDE_IN_FRAMEWORK_HEADER = YES;
				CLANG_WARN_RANGE_LOOP_ANALYSIS = YES;
				CLANG_WARN_STRICT_PROTOTYPES = YES;
				CLANG_WARN_SUSPICIOUS_MOVE = YES;
				CLANG_WARN_UNGUARDED_AVAILABILITY = YES_AGGRESSIVE;
				CLANG_WARN_UNREACHABLE_CODE = YES;
				CLANG_WARN__DUPLICATE_METHOD_MATCH = YES;
				COPY_PHASE_STRIP = NO;
				DEBUG_INFORMATION_FORMAT = "dwarf-with-dsym";
				ENABLE_NS_ASSERTIONS = NO;
				ENABLE_STRICT_OBJC_MSGSEND = YES;
				GCC_C_LANGUAGE_STANDARD = gnu11;
				GCC_NO_COMMON_BLOCKS = YES;
				GCC_WARN_64_TO_32_BIT_CONVERSION = YES;
				GCC_WARN_ABOUT_RETURN_TYPE = YES_ERROR;
				GCC_WARN_UNDECLARED_SELECTOR = YES;
				GCC_WARN_UNINITIALIZED_AUTOS = YES_AGGRESSIVE;
				GCC_WARN_UNUSED_FUNCTION = YES;
				GCC_WARN_UNUSED_VARIABLE = YES;
				IPHONEOS_DEPLOYMENT_TARGET = 16.0;
				MTL_ENABLE_DEBUG_INFO = NO;
				MTL_FAST_MATH = YES;
				SDKROOT = iphoneos;
				SWIFT_COMPILATION_MODE = wholemodule;
				SWIFT_OPTIMIZATION_LEVEL = "-O";
				VALIDATE_PRODUCT = YES;
			};
			name = Release;
		};
		5D3E33412A5EC37600A8A53F /* Debug */ = {
			isa = XCBuildConfiguration;
			baseConfigurationReference = 2DE4A113D142C75CC4874C3D /* Pods-MusicOriginal.debug.xcconfig */;
			buildSettings = {
				ASSETCATALOG_COMPILER_APPICON_NAME = AppIcon;
				ASSETCATALOG_COMPILER_GLOBAL_ACCENT_COLOR_NAME = AccentColor;
				ASSETCATALOG_COMPILER_INCLUDE_ALL_APPICON_ASSETS = YES;
				CODE_SIGN_STYLE = Automatic;
				CURRENT_PROJECT_VERSION = 1;
				DEVELOPMENT_TEAM = 6XX6PGKBH6;
				GENERATE_INFOPLIST_FILE = YES;
				INFOPLIST_FILE = MusicOriginal/Info.plist;
				INFOPLIST_KEY_NSAppleMusicUsageDescription = "";
				INFOPLIST_KEY_UIApplicationSupportsIndirectInputEvents = YES;
				INFOPLIST_KEY_UILaunchStoryboardName = LaunchScreen;
				INFOPLIST_KEY_UIMainStoryboardFile = Main;
				INFOPLIST_KEY_UISupportedInterfaceOrientations_iPad = "UIInterfaceOrientationPortrait UIInterfaceOrientationPortraitUpsideDown UIInterfaceOrientationLandscapeLeft UIInterfaceOrientationLandscapeRight";
				INFOPLIST_KEY_UISupportedInterfaceOrientations_iPhone = "UIInterfaceOrientationPortrait UIInterfaceOrientationLandscapeLeft UIInterfaceOrientationLandscapeRight";
				LD_RUNPATH_SEARCH_PATHS = (
					"$(inherited)",
					"@executable_path/Frameworks",
				);
				MARKETING_VERSION = 1.0;
				PRODUCT_BUNDLE_IDENTIFIER = works.tsuyu.MusicAPI;
				PRODUCT_NAME = "$(TARGET_NAME)";
				SUPPORTED_PLATFORMS = "iphoneos iphonesimulator";
				SUPPORTS_MACCATALYST = NO;
				SUPPORTS_MAC_DESIGNED_FOR_IPHONE_IPAD = NO;
				SWIFT_EMIT_LOC_STRINGS = YES;
				SWIFT_VERSION = 5.0;
				TARGETED_DEVICE_FAMILY = 1;
			};
			name = Debug;
		};
		5D3E33422A5EC37600A8A53F /* Release */ = {
			isa = XCBuildConfiguration;
			baseConfigurationReference = B353CF97A8BBB606B876EF81 /* Pods-MusicOriginal.release.xcconfig */;
			buildSettings = {
				ASSETCATALOG_COMPILER_APPICON_NAME = AppIcon;
				ASSETCATALOG_COMPILER_GLOBAL_ACCENT_COLOR_NAME = AccentColor;
				ASSETCATALOG_COMPILER_INCLUDE_ALL_APPICON_ASSETS = YES;
				CODE_SIGN_STYLE = Automatic;
				CURRENT_PROJECT_VERSION = 1;
				DEVELOPMENT_TEAM = 6XX6PGKBH6;
				GENERATE_INFOPLIST_FILE = YES;
				INFOPLIST_FILE = MusicOriginal/Info.plist;
				INFOPLIST_KEY_NSAppleMusicUsageDescription = "";
				INFOPLIST_KEY_UIApplicationSupportsIndirectInputEvents = YES;
				INFOPLIST_KEY_UILaunchStoryboardName = LaunchScreen;
				INFOPLIST_KEY_UIMainStoryboardFile = Main;
				INFOPLIST_KEY_UISupportedInterfaceOrientations_iPad = "UIInterfaceOrientationPortrait UIInterfaceOrientationPortraitUpsideDown UIInterfaceOrientationLandscapeLeft UIInterfaceOrientationLandscapeRight";
				INFOPLIST_KEY_UISupportedInterfaceOrientations_iPhone = "UIInterfaceOrientationPortrait UIInterfaceOrientationLandscapeLeft UIInterfaceOrientationLandscapeRight";
				LD_RUNPATH_SEARCH_PATHS = (
					"$(inherited)",
					"@executable_path/Frameworks",
				);
				MARKETING_VERSION = 1.0;
				PRODUCT_BUNDLE_IDENTIFIER = works.tsuyu.MusicAPI;
				PRODUCT_NAME = "$(TARGET_NAME)";
				SUPPORTED_PLATFORMS = "iphoneos iphonesimulator";
				SUPPORTS_MACCATALYST = NO;
				SUPPORTS_MAC_DESIGNED_FOR_IPHONE_IPAD = NO;
				SWIFT_EMIT_LOC_STRINGS = YES;
				SWIFT_VERSION = 5.0;
				TARGETED_DEVICE_FAMILY = 1;
			};
			name = Release;
		};
/* End XCBuildConfiguration section */

/* Begin XCConfigurationList section */
		5D3E33272A5EC36D00A8A53F /* Build configuration list for PBXProject "MusicOriginal" */ = {
			isa = XCConfigurationList;
			buildConfigurations = (
				5D3E333E2A5EC37600A8A53F /* Debug */,
				5D3E333F2A5EC37600A8A53F /* Release */,
			);
			defaultConfigurationIsVisible = 0;
			defaultConfigurationName = Release;
		};
		5D3E33402A5EC37600A8A53F /* Build configuration list for PBXNativeTarget "MusicOriginal" */ = {
			isa = XCConfigurationList;
			buildConfigurations = (
				5D3E33412A5EC37600A8A53F /* Debug */,
				5D3E33422A5EC37600A8A53F /* Release */,
			);
			defaultConfigurationIsVisible = 0;
			defaultConfigurationName = Release;
		};
/* End XCConfigurationList section */
	};
	rootObject = 5D3E33242A5EC36D00A8A53F /* Project object */;
}
